
Microsoft Visual Studio Solution File, Format Version 12.00
# Visual Studio Version 17
VisualStudioVersion = 17.8.34330.188
MinimumVisualStudioVersion = 10.0.40219.1
Project("{FAE04EC0-301F-11D3-BF4B-00C04F79EFBC}") = "api-easy-triagem", "api-easy-triagem\api-easy-triagem.csproj", "{736E65B5-97E8-4A27-8F11-5260973D37FD}"
EndProject
Global
	GlobalSection(SolutionConfigurationPlatforms) = preSolution
		Debug|Any CPU = Debug|Any CPU
		Release|Any CPU = Release|Any CPU
	EndGlobalSection
	GlobalSection(ProjectConfigurationPlatforms) = postSolution
		{736E65B5-97E8-4A27-8F11-5260973D37FD}.Debug|Any CPU.ActiveCfg = Debug|Any CPU
		{736E65B5-97E8-4A27-8F11-5260973D37FD}.Debug|Any CPU.Build.0 = Debug|Any CPU
		{736E65B5-97E8-4A27-8F11-5260973D37FD}.Release|Any CPU.ActiveCfg = Release|Any CPU
		{736E65B5-97E8-4A27-8F11-5260973D37FD}.Release|Any CPU.Build.0 = Release|Any CPU
	EndGlobalSection
	GlobalSection(SolutionProperties) = preSolution
		HideSolutionNode = FALSE
	EndGlobalSection
	GlobalSection(ExtensibilityGlobals) = postSolution
		SolutionGuid = {E1992173-9574-4D1C-AADC-FDF02558AB46}
	EndGlobalSection
EndGlobal
